
Microsoft Visual Studio Solution File, Format Version 12.00
# Visual Studio Version 17
VisualStudioVersion = 17.14.36327.8
MinimumVisualStudioVersion = 10.0.40219.1
Project("{FAE04EC0-301F-11D3-BF4B-00C04F79EFBC}") = "Final.ISTEA", "Final\Final.ISTEA.csproj", "{0202D46E-9BBF-43AE-A588-64FEF9870A8D}"
EndProject
Project("{FAE04EC0-301F-11D3-BF4B-00C04F79EFBC}") = "TestProject1", "TestProject1\TestProject1.csproj", "{04DCADD6-F9AC-4A0F-9309-6FCFD5C3CA60}"
EndProject
Global
	GlobalSection(SolutionConfigurationPlatforms) = preSolution
		Debug|Any CPU = Debug|Any CPU
		Release|Any CPU = Release|Any CPU
	EndGlobalSection
	GlobalSection(ProjectConfigurationPlatforms) = postSolution
		{0202D46E-9BBF-43AE-A588-64FEF9870A8D}.Debug|Any CPU.ActiveCfg = Debug|Any CPU
		{0202D46E-9BBF-43AE-A588-64FEF9870A8D}.Debug|Any CPU.Build.0 = Debug|Any CPU
		{0202D46E-9BBF-43AE-A588-64FEF9870A8D}.Release|Any CPU.ActiveCfg = Release|Any CPU
		{0202D46E-9BBF-43AE-A588-64FEF9870A8D}.Release|Any CPU.Build.0 = Release|Any CPU
		{04DCADD6-F9AC-4A0F-9309-6FCFD5C3CA60}.Debug|Any CPU.ActiveCfg = Debug|Any CPU
		{04DCADD6-F9AC-4A0F-9309-6FCFD5C3CA60}.Debug|Any CPU.Build.0 = Debug|Any CPU
		{04DCADD6-F9AC-4A0F-9309-6FCFD5C3CA60}.Release|Any CPU.ActiveCfg = Release|Any CPU
		{04DCADD6-F9AC-4A0F-9309-6FCFD5C3CA60}.Release|Any CPU.Build.0 = Release|Any CPU
	EndGlobalSection
	GlobalSection(SolutionProperties) = preSolution
		HideSolutionNode = FALSE
	EndGlobalSection
	GlobalSection(ExtensibilityGlobals) = postSolution
		SolutionGuid = {0FCC8225-8394-466F-8C9B-E9E39850DBBE}
	EndGlobalSection
EndGlobal
